{
  "version": 4,
  "terraform_version": "1.4.2",
  "serial": 72,
  "lineage": "e2290fa0-8e4a-c788-9861-2f33d449b677",
  "outputs": {
    "key_vault_name": {
      "value": "sentinelDemoKV-dsha61",
      "type": "string"
    },
    "log_analytics_workspace_id": {
      "value": "/subscriptions/5a1fc677-f38e-4db0-a25e-3a9b37fa0d7d/resourceGroups/sentinel-demo-rg/providers/Microsoft.OperationalInsights/workspaces/sentinelDemoLAW",
      "type": "string"
    },
    "resource_group_name": {
      "value": "sentinel-demo-rg",
      "type": "string"
    },
    "storage_account_name": {
      "value": "sentineldemosajr54n9",
      "type": "string"
    }
  },
  "resources": [
    {
      "mode": "data",
      "type": "azurerm_client_config",
      "name": "current",
      "provider": "provider[\"registry.terraform.io/hashicorp/azurerm\"]",
      "instances": [
        {
          "schema_version": 0,
          "attributes": {
            "client_id": "04b07795-8ddb-461a-bbee-02f9e1bf7b46",
            "id": "Y2xpZW50Q29uZmlncy9jbGllbnRJZD0wNGIwNzc5NS04ZGRiLTQ2MWEtYmJlZS0wMmY5ZTFiZjdiNDY7b2JqZWN0SWQ9NjFhZjI2MzQtMDM3NC00ZTRiLWE5MjQtMjZjZjQyN2QzZWM4O3N1YnNjcmlwdGlvbklkPTVhMWZjNjc3LWYzOGUtNGRiMC1hMjVlLTNhOWIzN2ZhMGQ3ZDt0ZW5hbnRJZD1lNDI2MmIxNy0yZWIxLTRjMzktOGM1My1kMjQ1ZTNhZDYxYzQ=",
            "object_id": "61af2634-0374-4e4b-a924-26cf427d3ec8",
            "subscription_id": "5a1fc677-f38e-4db0-a25e-3a9b37fa0d7d",
            "tenant_id": "e4262b17-2eb1-4c39-8c53-d245e3ad61c4",
            "timeouts": null
          },
          "sensitive_attributes": []
        }
      ]
    },
    {
      "mode": "managed",
      "type": "azurerm_key_vault",
      "name": "demo_kv",
      "provider": "provider[\"registry.terraform.io/hashicorp/azurerm\"]",
      "instances": [
        {
          "schema_version": 2,
          "attributes": {
            "access_policy": [],
            "contact": [],
            "enable_rbac_authorization": false,
            "enabled_for_deployment": false,
            "enabled_for_disk_encryption": false,
            "enabled_for_template_deployment": false,
            "id": "/subscriptions/5a1fc677-f38e-4db0-a25e-3a9b37fa0d7d/resourceGroups/sentinel-demo-rg/providers/Microsoft.KeyVault/vaults/sentinelDemoKV-dsha61",
            "location": "uksouth",
            "name": "sentinelDemoKV-dsha61",
            "network_acls": [
              {
                "bypass": "AzureServices",
                "default_action": "Allow",
                "ip_rules": [],
                "virtual_network_subnet_ids": []
              }
            ],
            "public_network_access_enabled": true,
            "purge_protection_enabled": false,
            "resource_group_name": "sentinel-demo-rg",
            "sku_name": "standard",
            "soft_delete_retention_days": 90,
            "tags": null,
            "tenant_id": "e4262b17-2eb1-4c39-8c53-d245e3ad61c4",
            "timeouts": null,
            "vault_uri": "https://sentineldemokv-dsha61.vault.azure.net/"
          },
          "sensitive_attributes": [],
          "private": "eyJlMmJmYjczMC1lY2FhLTExZTYtOGY4OC0zNDM2M2JjN2M0YzAiOnsiY3JlYXRlIjoxODAwMDAwMDAwMDAwLCJkZWxldGUiOjE4MDAwMDAwMDAwMDAsInJlYWQiOjMwMDAwMDAwMDAwMCwidXBkYXRlIjoxODAwMDAwMDAwMDAwfSwic2NoZW1hX3ZlcnNpb24iOiIyIn0=",
          "dependencies": [
            "azurerm_resource_group.demo_rg",
            "data.azurerm_client_config.current",
            "random_string.kv_suffix"
          ]
        }
      ]
    },
    {
      "mode": "managed",
      "type": "azurerm_log_analytics_workspace",
      "name": "demo_law",
      "provider": "provider[\"registry.terraform.io/hashicorp/azurerm\"]",
      "instances": [
        {
          "schema_version": 3,
          "attributes": {
            "allow_resource_only_permissions": true,
            "cmk_for_query_forced": false,
            "daily_quota_gb": -1,
            "data_collection_rule_id": "",
            "id": "/subscriptions/5a1fc677-f38e-4db0-a25e-3a9b37fa0d7d/resourceGroups/sentinel-demo-rg/providers/Microsoft.OperationalInsights/workspaces/sentinelDemoLAW",
            "identity": [],
            "immediate_data_purge_on_30_days_enabled": false,
            "internet_ingestion_enabled": true,
            "internet_query_enabled": true,
            "local_authentication_disabled": true,
            "local_authentication_enabled": false,
            "location": "uksouth",
            "name": "sentinelDemoLAW",
            "primary_shared_key": "7pfRVIGXmtvVe0WEK1ITneZWGbbkADzr8hvUAbhsVbHnonKsWU9bKEUHQG5i2hF261WMGlaCNuKIQudUTWZxJQ==",
            "reservation_capacity_in_gb_per_day": null,
            "resource_group_name": "sentinel-demo-rg",
            "retention_in_days": 30,
            "secondary_shared_key": "T9iuOft1p7EeXHSLK9OKm+J+ZntEORn53nbo2L9bpyDGjtP4bWoiKW6i8j3IfY8anl7RSZAnwPaJywyK3uoS2A==",
            "sku": "PerGB2018",
            "tags": null,
            "timeouts": null,
            "workspace_id": "dfada8e9-7bb2-4963-928f-a4f3395e0e7c"
          },
          "sensitive_attributes": [],
          "private": "eyJlMmJmYjczMC1lY2FhLTExZTYtOGY4OC0zNDM2M2JjN2M0YzAiOnsiY3JlYXRlIjoxODAwMDAwMDAwMDAwLCJkZWxldGUiOjE4MDAwMDAwMDAwMDAsInJlYWQiOjMwMDAwMDAwMDAwMCwidXBkYXRlIjoxODAwMDAwMDAwMDAwfSwic2NoZW1hX3ZlcnNpb24iOiIzIn0=",
          "dependencies": [
            "azurerm_resource_group.demo_rg"
          ]
        }
      ]
    },
    {
      "mode": "managed",
      "type": "azurerm_monitor_diagnostic_setting",
      "name": "kv_diag",
      "provider": "provider[\"registry.terraform.io/hashicorp/azurerm\"]",
      "instances": [
        {
          "schema_version": 0,
          "attributes": {
            "enabled_log": [
              {
                "category": "AuditEvent",
                "category_group": "",
                "retention_policy": []
              }
            ],
            "enabled_metric": [],
            "eventhub_authorization_rule_id": "",
            "eventhub_name": "",
            "id": "/subscriptions/5a1fc677-f38e-4db0-a25e-3a9b37fa0d7d/resourceGroups/sentinel-demo-rg/providers/Microsoft.KeyVault/vaults/sentinelDemoKV-dsha61|kvDiag",
            "log_analytics_destination_type": "AzureDiagnostics",
            "log_analytics_workspace_id": "/subscriptions/5a1fc677-f38e-4db0-a25e-3a9b37fa0d7d/resourceGroups/sentinel-demo-rg/providers/Microsoft.OperationalInsights/workspaces/sentinelDemoLAW",
            "metric": [
              {
                "category": "AllMetrics",
                "enabled": false,
                "retention_policy": [
                  {
                    "days": 0,
                    "enabled": false
                  }
                ]
              }
            ],
            "name": "kvDiag",
            "partner_solution_id": null,
            "storage_account_id": null,
            "target_resource_id": "/subscriptions/5a1fc677-f38e-4db0-a25e-3a9b37fa0d7d/resourceGroups/sentinel-demo-rg/providers/Microsoft.KeyVault/vaults/sentinelDemoKV-dsha61",
            "timeouts": null
          },
          "sensitive_attributes": [],
          "private": "eyJlMmJmYjczMC1lY2FhLTExZTYtOGY4OC0zNDM2M2JjN2M0YzAiOnsiY3JlYXRlIjoxODAwMDAwMDAwMDAwLCJkZWxldGUiOjM2MDAwMDAwMDAwMDAsInJlYWQiOjMwMDAwMDAwMDAwMCwidXBkYXRlIjoxODAwMDAwMDAwMDAwfX0=",
          "dependencies": [
            "azurerm_key_vault.demo_kv",
            "azurerm_log_analytics_workspace.demo_law",
            "azurerm_resource_group.demo_rg",
            "data.azurerm_client_config.current",
            "random_string.kv_suffix"
          ]
        }
      ]
    },
    {
      "mode": "managed",
      "type": "azurerm_monitor_diagnostic_setting",
      "name": "nsg_diag",
      "provider": "provider[\"registry.terraform.io/hashicorp/azurerm\"]",
      "instances": [
        {
          "schema_version": 0,
          "attributes": {
            "enabled_log": [
              {
                "category": "NetworkSecurityGroupEvent",
                "category_group": "",
                "retention_policy": []
              },
              {
                "category": "NetworkSecurityGroupRuleCounter",
                "category_group": "",
                "retention_policy": []
              }
            ],
            "enabled_metric": [],
            "eventhub_authorization_rule_id": "",
            "eventhub_name": "",
            "id": "/subscriptions/5a1fc677-f38e-4db0-a25e-3a9b37fa0d7d/resourceGroups/sentinel-demo-rg/providers/Microsoft.Network/networkSecurityGroups/sentinelDemoNSG|nsgDiag",
            "log_analytics_destination_type": "",
            "log_analytics_workspace_id": "/subscriptions/5a1fc677-f38e-4db0-a25e-3a9b37fa0d7d/resourceGroups/sentinel-demo-rg/providers/Microsoft.OperationalInsights/workspaces/sentinelDemoLAW",
            "metric": [],
            "name": "nsgDiag",
            "partner_solution_id": null,
            "storage_account_id": null,
            "target_resource_id": "/subscriptions/5a1fc677-f38e-4db0-a25e-3a9b37fa0d7d/resourceGroups/sentinel-demo-rg/providers/Microsoft.Network/networkSecurityGroups/sentinelDemoNSG",
            "timeouts": null
          },
          "sensitive_attributes": [],
          "private": "eyJlMmJmYjczMC1lY2FhLTExZTYtOGY4OC0zNDM2M2JjN2M0YzAiOnsiY3JlYXRlIjoxODAwMDAwMDAwMDAwLCJkZWxldGUiOjM2MDAwMDAwMDAwMDAsInJlYWQiOjMwMDAwMDAwMDAwMCwidXBkYXRlIjoxODAwMDAwMDAwMDAwfX0=",
          "dependencies": [
            "azurerm_log_analytics_workspace.demo_law",
            "azurerm_network_security_group.demo_nsg",
            "azurerm_resource_group.demo_rg"
          ]
        }
      ]
    },
    {
      "mode": "managed",
      "type": "azurerm_monitor_diagnostic_setting",
      "name": "sa_diag_blob",
      "provider": "provider[\"registry.terraform.io/hashicorp/azurerm\"]",
      "instances": [
        {
          "schema_version": 0,
          "attributes": {
            "enabled_log": [
              {
                "category": "StorageDelete",
                "category_group": "",
                "retention_policy": []
              },
              {
                "category": "StorageRead",
                "category_group": "",
                "retention_policy": []
              },
              {
                "category": "StorageWrite",
                "category_group": "",
                "retention_policy": []
              }
            ],
            "enabled_metric": [
              {
                "category": "Transaction"
              }
            ],
            "eventhub_authorization_rule_id": "",
            "eventhub_name": "",
            "id": "/subscriptions/5a1fc677-f38e-4db0-a25e-3a9b37fa0d7d/resourceGroups/sentinel-demo-rg/providers/Microsoft.Storage/storageAccounts/sentineldemosajr54n9/blobServices/default|saDiagBlob",
            "log_analytics_destination_type": "",
            "log_analytics_workspace_id": "/subscriptions/5a1fc677-f38e-4db0-a25e-3a9b37fa0d7d/resourceGroups/sentinel-demo-rg/providers/Microsoft.OperationalInsights/workspaces/sentinelDemoLAW",
            "metric": [
              {
                "category": "Capacity",
                "enabled": false,
                "retention_policy": [
                  {
                    "days": 0,
                    "enabled": false
                  }
                ]
              },
              {
                "category": "Transaction",
                "enabled": true,
                "retention_policy": [
                  {
                    "days": 0,
                    "enabled": false
                  }
                ]
              }
            ],
            "name": "saDiagBlob",
            "partner_solution_id": null,
            "storage_account_id": null,
            "target_resource_id": "/subscriptions/5a1fc677-f38e-4db0-a25e-3a9b37fa0d7d/resourceGroups/sentinel-demo-rg/providers/Microsoft.Storage/storageAccounts/sentineldemosajr54n9/blobServices/default",
            "timeouts": null
          },
          "sensitive_attributes": [],
          "private": "eyJlMmJmYjczMC1lY2FhLTExZTYtOGY4OC0zNDM2M2JjN2M0YzAiOnsiY3JlYXRlIjoxODAwMDAwMDAwMDAwLCJkZWxldGUiOjM2MDAwMDAwMDAwMDAsInJlYWQiOjMwMDAwMDAwMDAwMCwidXBkYXRlIjoxODAwMDAwMDAwMDAwfX0=",
          "dependencies": [
            "azurerm_log_analytics_workspace.demo_law",
            "azurerm_resource_group.demo_rg",
            "azurerm_storage_account.demo_sa",
            "random_string.sa_suffix"
          ]
        }
      ]
    },
    {
      "mode": "managed",
      "type": "azurerm_network_security_group",
      "name": "demo_nsg",
      "provider": "provider[\"registry.terraform.io/hashicorp/azurerm\"]",
      "instances": [
        {
          "schema_version": 0,
          "attributes": {
            "id": "/subscriptions/5a1fc677-f38e-4db0-a25e-3a9b37fa0d7d/resourceGroups/sentinel-demo-rg/providers/Microsoft.Network/networkSecurityGroups/sentinelDemoNSG",
            "location": "uksouth",
            "name": "sentinelDemoNSG",
            "resource_group_name": "sentinel-demo-rg",
            "security_rule": [],
            "tags": null,
            "timeouts": null
          },
          "sensitive_attributes": [],
          "private": "eyJlMmJmYjczMC1lY2FhLTExZTYtOGY4OC0zNDM2M2JjN2M0YzAiOnsiY3JlYXRlIjoxODAwMDAwMDAwMDAwLCJkZWxldGUiOjE4MDAwMDAwMDAwMDAsInJlYWQiOjMwMDAwMDAwMDAwMCwidXBkYXRlIjoxODAwMDAwMDAwMDAwfX0=",
          "dependencies": [
            "azurerm_resource_group.demo_rg"
          ]
        }
      ]
    },
    {
      "mode": "managed",
      "type": "azurerm_resource_group",
      "name": "demo_rg",
      "provider": "provider[\"registry.terraform.io/hashicorp/azurerm\"]",
      "instances": [
        {
          "schema_version": 0,
          "attributes": {
            "id": "/subscriptions/5a1fc677-f38e-4db0-a25e-3a9b37fa0d7d/resourceGroups/sentinel-demo-rg",
            "location": "uksouth",
            "managed_by": "",
            "name": "sentinel-demo-rg",
            "tags": null,
            "timeouts": null
          },
          "sensitive_attributes": [],
          "private": "eyJlMmJmYjczMC1lY2FhLTExZTYtOGY4OC0zNDM2M2JjN2M0YzAiOnsiY3JlYXRlIjo1NDAwMDAwMDAwMDAwLCJkZWxldGUiOjU0MDAwMDAwMDAwMDAsInJlYWQiOjMwMDAwMDAwMDAwMCwidXBkYXRlIjo1NDAwMDAwMDAwMDAwfX0="
        }
      ]
    },
    {
      "mode": "managed",
      "type": "azurerm_sentinel_alert_rule_scheduled",
      "name": "kv_access_alert",
      "provider": "provider[\"registry.terraform.io/hashicorp/azurerm\"]",
      "instances": [
        {
          "schema_version": 0,
          "attributes": {
            "alert_details_override": [],
            "alert_rule_template_guid": "",
            "alert_rule_template_version": "",
            "custom_details": null,
            "description": "Detects access to Key Vault resources (simplified query without IP/Identity columns)",
            "display_name": "Suspicious Key Vault Access",
            "enabled": true,
            "entity_mapping": [],
            "event_grouping": [],
            "id": "/subscriptions/5a1fc677-f38e-4db0-a25e-3a9b37fa0d7d/resourceGroups/sentinel-demo-rg/providers/Microsoft.OperationalInsights/workspaces/sentinelDemoLAW/providers/Microsoft.SecurityInsights/alertRules/SuspiciousKeyVaultAccess-hg4l",
            "incident": [
              {
                "create_incident_enabled": true,
                "grouping": [
                  {
                    "by_alert_details": [],
                    "by_custom_details": [],
                    "by_entities": [],
                    "enabled": false,
                    "entity_matching_method": "AllEntities",
                    "lookback_duration": "PT5M",
                    "reopen_closed_incidents": false
                  }
                ]
              }
            ],
            "log_analytics_workspace_id": "/subscriptions/5a1fc677-f38e-4db0-a25e-3a9b37fa0d7d/resourceGroups/sentinel-demo-rg/providers/Microsoft.OperationalInsights/workspaces/sentinelDemoLAW",
            "name": "SuspiciousKeyVaultAccess-hg4l",
            "query": "AzureDiagnostics\r\n| where Category == \"AuditEvent\" and ResourceType == \"VAULTS\"\r\n| summarize Count = count() by bin(TimeGenerated, 1h)\r\n",
            "query_frequency": "PT1H",
            "query_period": "PT1H",
            "sentinel_entity_mapping": [],
            "severity": "Medium",
            "suppression_duration": "PT5H",
            "suppression_enabled": false,
            "tactics": [
              "CredentialAccess",
              "Persistence"
            ],
            "techniques": [
              "T1555"
            ],
            "timeouts": null,
            "trigger_operator": "GreaterThan",
            "trigger_threshold": 0
          },
          "sensitive_attributes": [],
          "private": "eyJlMmJmYjczMC1lY2FhLTExZTYtOGY4OC0zNDM2M2JjN2M0YzAiOnsiY3JlYXRlIjoxODAwMDAwMDAwMDAwLCJkZWxldGUiOjE4MDAwMDAwMDAwMDAsInJlYWQiOjMwMDAwMDAwMDAwMCwidXBkYXRlIjoxODAwMDAwMDAwMDAwfX0=",
          "dependencies": [
            "azurerm_log_analytics_workspace.demo_law",
            "azurerm_resource_group.demo_rg",
            "azurerm_sentinel_log_analytics_workspace_onboarding.sentinel",
            "random_string.alert_suffix"
          ]
        }
      ]
    },
    {
      "mode": "managed",
      "type": "azurerm_sentinel_log_analytics_workspace_onboarding",
      "name": "sentinel",
      "provider": "provider[\"registry.terraform.io/hashicorp/azurerm\"]",
      "instances": [
        {
          "schema_version": 0,
          "attributes": {
            "customer_managed_key_enabled": false,
            "id": "/subscriptions/5a1fc677-f38e-4db0-a25e-3a9b37fa0d7d/resourceGroups/sentinel-demo-rg/providers/Microsoft.OperationalInsights/workspaces/sentinelDemoLAW/providers/Microsoft.SecurityInsights/onboardingStates/default",
            "timeouts": null,
            "workspace_id": "/subscriptions/5a1fc677-f38e-4db0-a25e-3a9b37fa0d7d/resourceGroups/sentinel-demo-rg/providers/Microsoft.OperationalInsights/workspaces/sentinelDemoLAW"
          },
          "sensitive_attributes": [],
          "private": "eyJlMmJmYjczMC1lY2FhLTExZTYtOGY4OC0zNDM2M2JjN2M0YzAiOnsiY3JlYXRlIjoxODAwMDAwMDAwMDAwLCJkZWxldGUiOjE4MDAwMDAwMDAwMDAsInJlYWQiOjMwMDAwMDAwMDAwMH19",
          "dependencies": [
            "azurerm_log_analytics_workspace.demo_law",
            "azurerm_resource_group.demo_rg"
          ]
        }
      ]
    },
    {
      "mode": "managed",
      "type": "azurerm_storage_account",
      "name": "demo_sa",
      "provider": "provider[\"registry.terraform.io/hashicorp/azurerm\"]",
      "instances": [
        {
          "schema_version": 4,
          "attributes": {
            "access_tier": "Hot",
            "account_kind": "StorageV2",
            "account_replication_type": "LRS",
            "account_tier": "Standard",
            "allow_nested_items_to_be_public": true,
            "allowed_copy_scope": "",
            "azure_files_authentication": [],
            "blob_properties": [
              {
                "change_feed_enabled": false,
                "change_feed_retention_in_days": 0,
                "container_delete_retention_policy": [],
                "cors_rule": [],
                "default_service_version": "",
                "delete_retention_policy": [],
                "last_access_time_enabled": false,
                "restore_policy": [],
                "versioning_enabled": false
              }
            ],
            "cross_tenant_replication_enabled": false,
            "custom_domain": [],
            "customer_managed_key": [],
            "default_to_oauth_authentication": false,
            "dns_endpoint_type": "Standard",
            "edge_zone": "",
            "https_traffic_only_enabled": true,
            "id": "/subscriptions/5a1fc677-f38e-4db0-a25e-3a9b37fa0d7d/resourceGroups/sentinel-demo-rg/providers/Microsoft.Storage/storageAccounts/sentineldemosajr54n9",
            "identity": [],
            "immutability_policy": [],
            "infrastructure_encryption_enabled": false,
            "is_hns_enabled": false,
            "large_file_share_enabled": false,
            "local_user_enabled": true,
            "location": "uksouth",
            "min_tls_version": "TLS1_2",
            "name": "sentineldemosajr54n9",
            "network_rules": [
              {
                "bypass": [
                  "AzureServices"
                ],
                "default_action": "Deny",
                "ip_rules": [],
                "private_link_access": [],
                "virtual_network_subnet_ids": []
              }
            ],
            "nfsv3_enabled": false,
            "primary_access_key": "9kGQUxggUMwi3b5eBTbAogh8w5ufaA3wBEyZkGZ3U3szQyhcAWd0Vd/sYKsaOhq1g3oddw2cx8G2+AStiXJF9w==",
            "primary_blob_connection_string": "DefaultEndpointsProtocol=https;BlobEndpoint=https://sentineldemosajr54n9.blob.core.windows.net/;AccountName=sentineldemosajr54n9;AccountKey=9kGQUxggUMwi3b5eBTbAogh8w5ufaA3wBEyZkGZ3U3szQyhcAWd0Vd/sYKsaOhq1g3oddw2cx8G2+AStiXJF9w==",
            "primary_blob_endpoint": "https://sentineldemosajr54n9.blob.core.windows.net/",
            "primary_blob_host": "sentineldemosajr54n9.blob.core.windows.net",
            "primary_blob_internet_endpoint": "",
            "primary_blob_internet_host": "",
            "primary_blob_microsoft_endpoint": "",
            "primary_blob_microsoft_host": "",
            "primary_connection_string": "DefaultEndpointsProtocol=https;AccountName=sentineldemosajr54n9;AccountKey=9kGQUxggUMwi3b5eBTbAogh8w5ufaA3wBEyZkGZ3U3szQyhcAWd0Vd/sYKsaOhq1g3oddw2cx8G2+AStiXJF9w==;EndpointSuffix=core.windows.net",
            "primary_dfs_endpoint": "https://sentineldemosajr54n9.dfs.core.windows.net/",
            "primary_dfs_host": "sentineldemosajr54n9.dfs.core.windows.net",
            "primary_dfs_internet_endpoint": "",
            "primary_dfs_internet_host": "",
            "primary_dfs_microsoft_endpoint": "",
            "primary_dfs_microsoft_host": "",
            "primary_file_endpoint": "https://sentineldemosajr54n9.file.core.windows.net/",
            "primary_file_host": "sentineldemosajr54n9.file.core.windows.net",
            "primary_file_internet_endpoint": "",
            "primary_file_internet_host": "",
            "primary_file_microsoft_endpoint": "",
            "primary_file_microsoft_host": "",
            "primary_location": "uksouth",
            "primary_queue_endpoint": "https://sentineldemosajr54n9.queue.core.windows.net/",
            "primary_queue_host": "sentineldemosajr54n9.queue.core.windows.net",
            "primary_queue_microsoft_endpoint": "",
            "primary_queue_microsoft_host": "",
            "primary_table_endpoint": "https://sentineldemosajr54n9.table.core.windows.net/",
            "primary_table_host": "sentineldemosajr54n9.table.core.windows.net",
            "primary_table_microsoft_endpoint": "",
            "primary_table_microsoft_host": "",
            "primary_web_endpoint": "https://sentineldemosajr54n9.z33.web.core.windows.net/",
            "primary_web_host": "sentineldemosajr54n9.z33.web.core.windows.net",
            "primary_web_internet_endpoint": "",
            "primary_web_internet_host": "",
            "primary_web_microsoft_endpoint": "",
            "primary_web_microsoft_host": "",
            "provisioned_billing_model_version": "",
            "public_network_access_enabled": true,
            "queue_encryption_key_type": "Service",
            "queue_properties": [
              {
                "cors_rule": [],
                "hour_metrics": [
                  {
                    "enabled": false,
                    "include_apis": false,
                    "retention_policy_days": 0,
                    "version": "1.0"
                  }
                ],
                "logging": [
                  {
                    "delete": false,
                    "read": false,
                    "retention_policy_days": 0,
                    "version": "1.0",
                    "write": false
                  }
                ],
                "minute_metrics": [
                  {
                    "enabled": false,
                    "include_apis": false,
                    "retention_policy_days": 0,
                    "version": "1.0"
                  }
                ]
              }
            ],
            "resource_group_name": "sentinel-demo-rg",
            "routing": [],
            "sas_policy": [],
            "secondary_access_key": "CT5kh0DA5Le/w+R4Aor655TBURDiSPguvWpqszDWg3GlIuq26SSFWCXgZEV4jlERZX6zveZoh3tm+AStnAsYkA==",
            "secondary_blob_connection_string": "",
            "secondary_blob_endpoint": "",
            "secondary_blob_host": "",
            "secondary_blob_internet_endpoint": "",
            "secondary_blob_internet_host": "",
            "secondary_blob_microsoft_endpoint": "",
            "secondary_blob_microsoft_host": "",
            "secondary_connection_string": "DefaultEndpointsProtocol=https;AccountName=sentineldemosajr54n9;AccountKey=CT5kh0DA5Le/w+R4Aor655TBURDiSPguvWpqszDWg3GlIuq26SSFWCXgZEV4jlERZX6zveZoh3tm+AStnAsYkA==;EndpointSuffix=core.windows.net",
            "secondary_dfs_endpoint": "",
            "secondary_dfs_host": "",
            "secondary_dfs_internet_endpoint": "",
            "secondary_dfs_internet_host": "",
            "secondary_dfs_microsoft_endpoint": "",
            "secondary_dfs_microsoft_host": "",
            "secondary_file_endpoint": "",
            "secondary_file_host": "",
            "secondary_file_internet_endpoint": "",
            "secondary_file_internet_host": "",
            "secondary_file_microsoft_endpoint": "",
            "secondary_file_microsoft_host": "",
            "secondary_location": "",
            "secondary_queue_endpoint": "",
            "secondary_queue_host": "",
            "secondary_queue_microsoft_endpoint": "",
            "secondary_queue_microsoft_host": "",
            "secondary_table_endpoint": "",
            "secondary_table_host": "",
            "secondary_table_microsoft_endpoint": "",
            "secondary_table_microsoft_host": "",
            "secondary_web_endpoint": "",
            "secondary_web_host": "",
            "secondary_web_internet_endpoint": "",
            "secondary_web_internet_host": "",
            "secondary_web_microsoft_endpoint": "",
            "secondary_web_microsoft_host": "",
            "sftp_enabled": false,
            "share_properties": [
              {
                "cors_rule": [],
                "retention_policy": [
                  {
                    "days": 7
                  }
                ],
                "smb": []
              }
            ],
            "shared_access_key_enabled": true,
            "static_website": [],
            "table_encryption_key_type": "Service",
            "tags": null,
            "timeouts": null
          },
          "sensitive_attributes": [],
          "private": "eyJlMmJmYjczMC1lY2FhLTExZTYtOGY4OC0zNDM2M2JjN2M0YzAiOnsiY3JlYXRlIjozNjAwMDAwMDAwMDAwLCJkZWxldGUiOjM2MDAwMDAwMDAwMDAsInJlYWQiOjMwMDAwMDAwMDAwMCwidXBkYXRlIjozNjAwMDAwMDAwMDAwfSwic2NoZW1hX3ZlcnNpb24iOiI0In0=",
          "dependencies": [
            "azurerm_resource_group.demo_rg",
            "random_string.sa_suffix"
          ]
        }
      ]
    },
    {
      "mode": "managed",
      "type": "azurerm_virtual_network",
      "name": "demo_vnet",
      "provider": "provider[\"registry.terraform.io/hashicorp/azurerm\"]",
      "instances": [
        {
          "schema_version": 0,
          "attributes": {
            "address_space": [
              "10.0.0.0/16"
            ],
            "bgp_community": "",
            "ddos_protection_plan": [],
            "dns_servers": [],
            "edge_zone": "",
            "encryption": [],
            "flow_timeout_in_minutes": 0,
            "guid": "e288a275-d147-44a2-be18-d374d3b70bfc",
            "id": "/subscriptions/5a1fc677-f38e-4db0-a25e-3a9b37fa0d7d/resourceGroups/sentinel-demo-rg/providers/Microsoft.Network/virtualNetworks/sentinelDemoVNet",
            "ip_address_pool": [],
            "location": "uksouth",
            "name": "sentinelDemoVNet",
            "private_endpoint_vnet_policies": "Disabled",
            "resource_group_name": "sentinel-demo-rg",
            "subnet": [],
            "tags": null,
            "timeouts": null
          },
          "sensitive_attributes": [],
          "private": "eyJlMmJmYjczMC1lY2FhLTExZTYtOGY4OC0zNDM2M2JjN2M0YzAiOnsiY3JlYXRlIjoxODAwMDAwMDAwMDAwLCJkZWxldGUiOjE4MDAwMDAwMDAwMDAsInJlYWQiOjMwMDAwMDAwMDAwMCwidXBkYXRlIjoxODAwMDAwMDAwMDAwfX0=",
          "dependencies": [
            "azurerm_resource_group.demo_rg"
          ]
        }
      ]
    },
    {
      "mode": "managed",
      "type": "random_string",
      "name": "alert_suffix",
      "provider": "provider[\"registry.terraform.io/hashicorp/random\"]",
      "instances": [
        {
          "schema_version": 2,
          "attributes": {
            "id": "hg4l",
            "keepers": null,
            "length": 4,
            "lower": true,
            "min_lower": 0,
            "min_numeric": 0,
            "min_special": 0,
            "min_upper": 0,
            "number": true,
            "numeric": true,
            "override_special": null,
            "result": "hg4l",
            "special": false,
            "upper": false
          },
          "sensitive_attributes": []
        }
      ]
    },
    {
      "mode": "managed",
      "type": "random_string",
      "name": "kv_suffix",
      "provider": "provider[\"registry.terraform.io/hashicorp/random\"]",
      "instances": [
        {
          "schema_version": 2,
          "attributes": {
            "id": "dsha61",
            "keepers": null,
            "length": 6,
            "lower": true,
            "min_lower": 0,
            "min_numeric": 0,
            "min_special": 0,
            "min_upper": 0,
            "number": true,
            "numeric": true,
            "override_special": null,
            "result": "dsha61",
            "special": false,
            "upper": false
          },
          "sensitive_attributes": []
        }
      ]
    },
    {
      "mode": "managed",
      "type": "random_string",
      "name": "sa_suffix",
      "provider": "provider[\"registry.terraform.io/hashicorp/random\"]",
      "instances": [
        {
          "schema_version": 2,
          "attributes": {
            "id": "jr54n9",
            "keepers": null,
            "length": 6,
            "lower": true,
            "min_lower": 0,
            "min_numeric": 0,
            "min_special": 0,
            "min_upper": 0,
            "number": true,
            "numeric": true,
            "override_special": null,
            "result": "jr54n9",
            "special": false,
            "upper": false
          },
          "sensitive_attributes": []
        }
      ]
    }
  ],
  "check_results": null
}
